{
  "requires": true,
  "lockfileVersion": 1,
  "dependencies": {
    "folktale": {
      "version": "2.3.1",
      "resolved": "https://registry.npmjs.org/folktale/-/folktale-2.3.1.tgz",
      "integrity": "sha512-x16IvpoFrLxOYbAC4G/ban4eWOGoREcrfaVSiTsDknrRYHMe+W4XUekCYA6w4YyjQpcL8nsNt4A5EUUKjFSpRg=="
    },
    "immutable": {
      "version": "4.0.0-rc.12",
      "resolved": "https://registry.npmjs.org/immutable/-/immutable-4.0.0-rc.12.tgz",
      "integrity": "sha512-0M2XxkZLx/mi3t8NVwIm1g8nHoEmM9p9UBl/G9k4+hm0kBgOVdMV/B3CY5dQ8qG8qc80NN4gDV4HQv6FTJ5q7A=="
    }
  }
}
